
Microsoft Visual Studio Solution File, Format Version 12.00
# Visual Studio 14
VisualStudioVersion = 14.0.25420.1
MinimumVisualStudioVersion = 10.0.40219.1
Project("{FAE04EC0-301F-11D3-BF4B-00C04F79EFBC}") = "RegistrationOnWebSite", "RegistrationOnWebSite\RegistrationOnWebSite.csproj", "{8FEE3A09-A8C7-4B97-808E-8F2EB9105710}"
EndProject
Global
	GlobalSection(SolutionConfigurationPlatforms) = preSolution
		Debug|Any CPU = Debug|Any CPU
		Release|Any CPU = Release|Any CPU
	EndGlobalSection
	GlobalSection(ProjectConfigurationPlatforms) = postSolution
		{8FEE3A09-A8C7-4B97-808E-8F2EB9105710}.Debug|Any CPU.ActiveCfg = Debug|Any CPU
		{8FEE3A09-A8C7-4B97-808E-8F2EB9105710}.Debug|Any CPU.Build.0 = Debug|Any CPU
		{8FEE3A09-A8C7-4B97-808E-8F2EB9105710}.Release|Any CPU.ActiveCfg = Release|Any CPU
		{8FEE3A09-A8C7-4B97-808E-8F2EB9105710}.Release|Any CPU.Build.0 = Release|Any CPU
	EndGlobalSection
	GlobalSection(SolutionProperties) = preSolution
		HideSolutionNode = FALSE
	EndGlobalSection
EndGlobal
